
Microsoft Visual Studio Solution File, Format Version 12.00
# Visual Studio 14
VisualStudioVersion = 14.0.25420.1
MinimumVisualStudioVersion = 10.0.40219.1
Project("{FAE04EC0-301F-11D3-BF4B-00C04F79EFBC}") = "IdCardReaderServer", "Server\IdCardReaderServer.csproj", "{485A28AB-9BFA-4459-88FE-D69F79027194}"
EndProject
Project("{FAE04EC0-301F-11D3-BF4B-00C04F79EFBC}") = "aidhost", "aidhost\aidhost.csproj", "{287BCE9D-799A-479A-AC9A-B2F01EDADEDF}"
EndProject
Project("{FAE04EC0-301F-11D3-BF4B-00C04F79EFBC}") = "IdCardService", "IdCardService\IdCardService.csproj", "{91F5B261-A29A-4366-95AC-D748CB052EC0}"
EndProject
Global
	GlobalSection(SolutionConfigurationPlatforms) = preSolution
		Debug|Any CPU = Debug|Any CPU
		Release|Any CPU = Release|Any CPU
	EndGlobalSection
	GlobalSection(ProjectConfigurationPlatforms) = postSolution
		{485A28AB-9BFA-4459-88FE-D69F79027194}.Debug|Any CPU.ActiveCfg = Debug|Any CPU
		{485A28AB-9BFA-4459-88FE-D69F79027194}.Debug|Any CPU.Build.0 = Debug|Any CPU
		{485A28AB-9BFA-4459-88FE-D69F79027194}.Release|Any CPU.ActiveCfg = Release|Any CPU
		{485A28AB-9BFA-4459-88FE-D69F79027194}.Release|Any CPU.Build.0 = Release|Any CPU
		{287BCE9D-799A-479A-AC9A-B2F01EDADEDF}.Debug|Any CPU.ActiveCfg = Debug|Any CPU
		{287BCE9D-799A-479A-AC9A-B2F01EDADEDF}.Debug|Any CPU.Build.0 = Debug|Any CPU
		{287BCE9D-799A-479A-AC9A-B2F01EDADEDF}.Release|Any CPU.ActiveCfg = Release|Any CPU
		{287BCE9D-799A-479A-AC9A-B2F01EDADEDF}.Release|Any CPU.Build.0 = Release|Any CPU
		{91F5B261-A29A-4366-95AC-D748CB052EC0}.Debug|Any CPU.ActiveCfg = Debug|Any CPU
		{91F5B261-A29A-4366-95AC-D748CB052EC0}.Debug|Any CPU.Build.0 = Debug|Any CPU
		{91F5B261-A29A-4366-95AC-D748CB052EC0}.Release|Any CPU.ActiveCfg = Release|Any CPU
		{91F5B261-A29A-4366-95AC-D748CB052EC0}.Release|Any CPU.Build.0 = Release|Any CPU
	EndGlobalSection
	GlobalSection(SolutionProperties) = preSolution
		HideSolutionNode = FALSE
	EndGlobalSection
EndGlobal
